// !$*UTF8*$!
{
	archiveVersion = 1;
	classes = {
	};
	objectVersion = 50;
	objects = {

/* Begin PBXBuildFile section */
		532FF95F2101A78800CC3A80 /* SideRefreshEmptyFooter.m in Sources */ = {isa = PBXBuildFile; fileRef = 532FF95E2101A78800CC3A80 /* SideRefreshEmptyFooter.m */; };
		532FF9622103297E00CC3A80 /* EmptyFooterViewController.m in Sources */ = {isa = PBXBuildFile; fileRef = 532FF9612103297E00CC3A80 /* EmptyFooterViewController.m */; };
		534195602148F7D1005EF096 /* UICollectionView+SideExtension.m in Sources */ = {isa = PBXBuildFile; fileRef = 5341955F2148F7D1005EF096 /* UICollectionView+SideExtension.m */; };
		53C040F520F60342005FAB25 /* AppDelegate.m in Sources */ = {isa = PBXBuildFile; fileRef = 53C040F420F60342005FAB25 /* AppDelegate.m */; };
		53C040F820F60342005FAB25 /* ViewController.m in Sources */ = {isa = PBXBuildFile; fileRef = 53C040F720F60342005FAB25 /* ViewController.m */; };
		53C040FB20F60342005FAB25 /* Main.storyboard in Resources */ = {isa = PBXBuildFile; fileRef = 53C040F920F60342005FAB25 /* Main.storyboard */; };
		53C040FD20F60343005FAB25 /* Assets.xcassets in Resources */ = {isa = PBXBuildFile; fileRef = 53C040FC20F60343005FAB25 /* Assets.xcassets */; };
		53C0410020F60343005FAB25 /* LaunchScreen.storyboard in Resources */ = {isa = PBXBuildFile; fileRef = 53C040FE20F60343005FAB25 /* LaunchScreen.storyboard */; };
		53C0410320F60343005FAB25 /* main.m in Sources */ = {isa = PBXBuildFile; fileRef = 53C0410220F60343005FAB25 /* main.m */; };
		53C0410C20F60410005FAB25 /* SideRefreshHeader.m in Sources */ = {isa = PBXBuildFile; fileRef = 53C0410B20F60410005FAB25 /* SideRefreshHeader.m */; };
		53C0410F20F6041F005FAB25 /* SideRefreshFooter.m in Sources */ = {isa = PBXBuildFile; fileRef = 53C0410E20F6041F005FAB25 /* SideRefreshFooter.m */; };
		53C0411220F60435005FAB25 /* UICollectionView+SideRefresh.m in Sources */ = {isa = PBXBuildFile; fileRef = 53C0411120F60435005FAB25 /* UICollectionView+SideRefresh.m */; };
		53C0411520F6065B005FAB25 /* SideRefresh.m in Sources */ = {isa = PBXBuildFile; fileRef = 53C0411420F6065B005FAB25 /* SideRefresh.m */; };
		53C0412220F88B52005FAB25 /* DefaultViewController.m in Sources */ = {isa = PBXBuildFile; fileRef = 53C0412120F88B52005FAB25 /* DefaultViewController.m */; };
		53C0412520F88D13005FAB25 /* CustomViewController.m in Sources */ = {isa = PBXBuildFile; fileRef = 53C0412420F88D13005FAB25 /* CustomViewController.m */; };
		53C0412920F88D3E005FAB25 /* MyCollectionViewCell.m in Sources */ = {isa = PBXBuildFile; fileRef = 53C0412720F88D3E005FAB25 /* MyCollectionViewCell.m */; };
		53C0412A20F88D3E005FAB25 /* MyCollectionViewCell.xib in Resources */ = {isa = PBXBuildFile; fileRef = 53C0412820F88D3E005FAB25 /* MyCollectionViewCell.xib */; };
		53C0412D20F88E05005FAB25 /* HideItemViewController.m in Sources */ = {isa = PBXBuildFile; fileRef = 53C0412C20F88E05005FAB25 /* HideItemViewController.m */; };
/* End PBXBuildFile section */

/* Begin PBXFileReference section */
		532FF95D2101A78800CC3A80 /* SideRefreshEmptyFooter.h */ = {isa = PBXFileReference; lastKnownFileType = sourcecode.c.h; path = SideRefreshEmptyFooter.h; sourceTree = "<group>"; };
		532FF95E2101A78800CC3A80 /* SideRefreshEmptyFooter.m */ = {isa = PBXFileReference; lastKnownFileType = sourcecode.c.objc; path = SideRefreshEmptyFooter.m; sourceTree = "<group>"; };
		532FF9602103297E00CC3A80 /* EmptyFooterViewController.h */ = {isa = PBXFileReference; lastKnownFileType = sourcecode.c.h; path = EmptyFooterViewController.h; sourceTree = "<group>"; };
		532FF9612103297E00CC3A80 /* EmptyFooterViewController.m */ = {isa = PBXFileReference; lastKnownFileType = sourcecode.c.objc; path = EmptyFooterViewController.m; sourceTree = "<group>"; };
		5341955E2148F7D1005EF096 /* UICollectionView+SideExtension.h */ = {isa = PBXFileReference; lastKnownFileType = sourcecode.c.h; path = "UICollectionView+SideExtension.h"; sourceTree = "<group>"; };
		5341955F2148F7D1005EF096 /* UICollectionView+SideExtension.m */ = {isa = PBXFileReference; lastKnownFileType = sourcecode.c.objc; path = "UICollectionView+SideExtension.m"; sourceTree = "<group>"; };
		53C040F020F60342005FAB25 /* CollectionViewSideRefresh.app */ = {isa = PBXFileReference; explicitFileType = wrapper.application; includeInIndex = 0; path = CollectionViewSideRefresh.app; sourceTree = BUILT_PRODUCTS_DIR; };
		53C040F320F60342005FAB25 /* AppDelegate.h */ = {isa = PBXFileReference; lastKnownFileType = sourcecode.c.h; path = AppDelegate.h; sourceTree = "<group>"; };
		53C040F420F60342005FAB25 /* AppDelegate.m */ = {isa = PBXFileReference; lastKnownFileType = sourcecode.c.objc; path = AppDelegate.m; sourceTree = "<group>"; };
		53C040F620F60342005FAB25 /* ViewController.h */ = {isa = PBXFileReference; lastKnownFileType = sourcecode.c.h; path = ViewController.h; sourceTree = "<group>"; };
		53C040F720F60342005FAB25 /* ViewController.m */ = {isa = PBXFileReference; lastKnownFileType = sourcecode.c.objc; path = ViewController.m; sourceTree = "<group>"; };
		53C040FA20F60342005FAB25 /* Base */ = {isa = PBXFileReference; lastKnownFileType = file.storyboard; name = Base; path = Base.lproj/Main.storyboard; sourceTree = "<group>"; };
		53C040FC20F60343005FAB25 /* Assets.xcassets */ = {isa = PBXFileReference; lastKnownFileType = folder.assetcatalog; path = Assets.xcassets; sourceTree = "<group>"; };
		53C040FF20F60343005FAB25 /* Base */ = {isa = PBXFileReference; lastKnownFileType = file.storyboard; name = Base; path = Base.lproj/LaunchScreen.storyboard; sourceTree = "<group>"; };
		53C0410120F60343005FAB25 /* Info.plist */ = {isa = PBXFileReference; lastKnownFileType = text.plist.xml; path = Info.plist; sourceTree = "<group>"; };
		53C0410220F60343005FAB25 /* main.m */ = {isa = PBXFileReference; lastKnownFileType = sourcecode.c.objc; path = main.m; sourceTree = "<group>"; };
		53C0410A20F60410005FAB25 /* SideRefreshHeader.h */ = {isa = PBXFileReference; lastKnownFileType = sourcecode.c.h; path = SideRefreshHeader.h; sourceTree = "<group>"; };
		53C0410B20F60410005FAB25 /* SideRefreshHeader.m */ = {isa = PBXFileReference; lastKnownFileType = sourcecode.c.objc; path = SideRefreshHeader.m; sourceTree = "<group>"; };
		53C0410D20F6041F005FAB25 /* SideRefreshFooter.h */ = {isa = PBXFileReference; lastKnownFileType = sourcecode.c.h; path = SideRefreshFooter.h; sourceTree = "<group>"; };
		53C0410E20F6041F005FAB25 /* SideRefreshFooter.m */ = {isa = PBXFileReference; lastKnownFileType = sourcecode.c.objc; path = SideRefreshFooter.m; sourceTree = "<group>"; };
		53C0411020F60435005FAB25 /* UICollectionView+SideRefresh.h */ = {isa = PBXFileReference; lastKnownFileType = sourcecode.c.h; path = "UICollectionView+SideRefresh.h"; sourceTree = "<group>"; };
		53C0411120F60435005FAB25 /* UICollectionView+SideRefresh.m */ = {isa = PBXFileReference; lastKnownFileType = sourcecode.c.objc; path = "UICollectionView+SideRefresh.m"; sourceTree = "<group>"; };
		53C0411320F6065B005FAB25 /* SideRefresh.h */ = {isa = PBXFileReference; lastKnownFileType = sourcecode.c.h; path = SideRefresh.h; sourceTree = "<group>"; };
		53C0411420F6065B005FAB25 /* SideRefresh.m */ = {isa = PBXFileReference; lastKnownFileType = sourcecode.c.objc; path = SideRefresh.m; sourceTree = "<group>"; };
		53C0412020F88B52005FAB25 /* DefaultViewController.h */ = {isa = PBXFileReference; lastKnownFileType = sourcecode.c.h; path = DefaultViewController.h; sourceTree = "<group>"; };
		53C0412120F88B52005FAB25 /* DefaultViewController.m */ = {isa = PBXFileReference; lastKnownFileType = sourcecode.c.objc; path = DefaultViewController.m; sourceTree = "<group>"; };
		53C0412320F88D13005FAB25 /* CustomViewController.h */ = {isa = PBXFileReference; lastKnownFileType = sourcecode.c.h; path = CustomViewController.h; sourceTree = "<group>"; };
		53C0412420F88D13005FAB25 /* CustomViewController.m */ = {isa = PBXFileReference; lastKnownFileType = sourcecode.c.objc; path = CustomViewController.m; sourceTree = "<group>"; };
		53C0412620F88D3E005FAB25 /* MyCollectionViewCell.h */ = {isa = PBXFileReference; lastKnownFileType = sourcecode.c.h; path = MyCollectionViewCell.h; sourceTree = "<group>"; };
		53C0412720F88D3E005FAB25 /* MyCollectionViewCell.m */ = {isa = PBXFileReference; lastKnownFileType = sourcecode.c.objc; path = MyCollectionViewCell.m; sourceTree = "<group>"; };
		53C0412820F88D3E005FAB25 /* MyCollectionViewCell.xib */ = {isa = PBXFileReference; lastKnownFileType = file.xib; path = MyCollectionViewCell.xib; sourceTree = "<group>"; };
		53C0412B20F88E05005FAB25 /* HideItemViewController.h */ = {isa = PBXFileReference; lastKnownFileType = sourcecode.c.h; path = HideItemViewController.h; sourceTree = "<group>"; };
		53C0412C20F88E05005FAB25 /* HideItemViewController.m */ = {isa = PBXFileReference; lastKnownFileType = sourcecode.c.objc; path = HideItemViewController.m; sourceTree = "<group>"; };
/* End PBXFileReference section */

/* Begin PBXFrameworksBuildPhase section */
		53C040ED20F60342005FAB25 /* Frameworks */ = {
			isa = PBXFrameworksBuildPhase;
			buildActionMask = 2147483647;
			files = (
			);
			runOnlyForDeploymentPostprocessing = 0;
		};
/* End PBXFrameworksBuildPhase section */

/* Begin PBXGroup section */
		53C040E720F60342005FAB25 = {
			isa = PBXGroup;
			children = (
				53C040F220F60342005FAB25 /* CollectionViewSideRefresh */,
				53C040F120F60342005FAB25 /* Products */,
			);
			sourceTree = "<group>";
		};
		53C040F120F60342005FAB25 /* Products */ = {
			isa = PBXGroup;
			children = (
				53C040F020F60342005FAB25 /* CollectionViewSideRefresh.app */,
			);
			name = Products;
			sourceTree = "<group>";
		};
		53C040F220F60342005FAB25 /* CollectionViewSideRefresh */ = {
			isa = PBXGroup;
			children = (
				53C0410920F60359005FAB25 /* SideRefresh */,
				53C0411C20F88B32005FAB25 /* SideRefreshDemo */,
				53C040F320F60342005FAB25 /* AppDelegate.h */,
				53C040F420F60342005FAB25 /* AppDelegate.m */,
				53C040F620F60342005FAB25 /* ViewController.h */,
				53C040F720F60342005FAB25 /* ViewController.m */,
				53C040F920F60342005FAB25 /* Main.storyboard */,
				53C040FC20F60343005FAB25 /* Assets.xcassets */,
				53C040FE20F60343005FAB25 /* LaunchScreen.storyboard */,
				53C0410120F60343005FAB25 /* Info.plist */,
				53C0410220F60343005FAB25 /* main.m */,
			);
			path = CollectionViewSideRefresh;
			sourceTree = "<group>";
		};
		53C0410920F60359005FAB25 /* SideRefresh */ = {
			isa = PBXGroup;
			children = (
				53C0410A20F60410005FAB25 /* SideRefreshHeader.h */,
				53C0410B20F60410005FAB25 /* SideRefreshHeader.m */,
				53C0410D20F6041F005FAB25 /* SideRefreshFooter.h */,
				53C0410E20F6041F005FAB25 /* SideRefreshFooter.m */,
				532FF95D2101A78800CC3A80 /* SideRefreshEmptyFooter.h */,
				532FF95E2101A78800CC3A80 /* SideRefreshEmptyFooter.m */,
				53C0411020F60435005FAB25 /* UICollectionView+SideRefresh.h */,
				53C0411120F60435005FAB25 /* UICollectionView+SideRefresh.m */,
				5341955E2148F7D1005EF096 /* UICollectionView+SideExtension.h */,
				5341955F2148F7D1005EF096 /* UICollectionView+SideExtension.m */,
				53C0411320F6065B005FAB25 /* SideRefresh.h */,
				53C0411420F6065B005FAB25 /* SideRefresh.m */,
			);
			path = SideRefresh;
			sourceTree = "<group>";
		};
		53C0411C20F88B32005FAB25 /* SideRefreshDemo */ = {
			isa = PBXGroup;
			children = (
				53C0412020F88B52005FAB25 /* DefaultViewController.h */,
				53C0412120F88B52005FAB25 /* DefaultViewController.m */,
				53C0412320F88D13005FAB25 /* CustomViewController.h */,
				53C0412420F88D13005FAB25 /* CustomViewController.m */,
				53C0412B20F88E05005FAB25 /* HideItemViewController.h */,
				53C0412C20F88E05005FAB25 /* HideItemViewController.m */,
				532FF9602103297E00CC3A80 /* EmptyFooterViewController.h */,
				532FF9612103297E00CC3A80 /* EmptyFooterViewController.m */,
				53C0412620F88D3E005FAB25 /* MyCollectionViewCell.h */,
				53C0412720F88D3E005FAB25 /* MyCollectionViewCell.m */,
				53C0412820F88D3E005FAB25 /* MyCollectionViewCell.xib */,
			);
			path = SideRefreshDemo;
			sourceTree = "<group>";
		};
/* End PBXGroup section */

/* Begin PBXNativeTarget section */
		53C040EF20F60342005FAB25 /* CollectionViewSideRefresh */ = {
			isa = PBXNativeTarget;
			buildConfigurationList = 53C0410620F60343005FAB25 /* Build configuration list for PBXNativeTarget "CollectionViewSideRefresh" */;
			buildPhases = (
				53C040EC20F60342005FAB25 /* Sources */,
				53C040ED20F60342005FAB25 /* Frameworks */,
				53C040EE20F60342005FAB25 /* Resources */,
			);
			buildRules = (
			);
			dependencies = (
			);
			name = CollectionViewSideRefresh;
			productName = CollectionViewSideRefresh;
			productReference = 53C040F020F60342005FAB25 /* CollectionViewSideRefresh.app */;
			productType = "com.apple.product-type.application";
		};
/* End PBXNativeTarget section */

/* Begin PBXProject section */
		53C040E820F60342005FAB25 /* Project object */ = {
			isa = PBXProject;
			attributes = {
				LastUpgradeCheck = 0930;
				ORGANIZATIONNAME = DandJ;
				TargetAttributes = {
					53C040EF20F60342005FAB25 = {
						CreatedOnToolsVersion = 9.3;
					};
				};
			};
			buildConfigurationList = 53C040EB20F60342005FAB25 /* Build configuration list for PBXProject "CollectionViewSideRefresh" */;
			compatibilityVersion = "Xcode 9.3";
			developmentRegion = en;
			hasScannedForEncodings = 0;
			knownRegions = (
				en,
				Base,
			);
			mainGroup = 53C040E720F60342005FAB25;
			productRefGroup = 53C040F120F60342005FAB25 /* Products */;
			projectDirPath = "";
			projectRoot = "";
			targets = (
				53C040EF20F60342005FAB25 /* CollectionViewSideRefresh */,
			);
		};
/* End PBXProject section */

/* Begin PBXResourcesBuildPhase section */
		53C040EE20F60342005FAB25 /* Resources */ = {
			isa = PBXResourcesBuildPhase;
			buildActionMask = 2147483647;
			files = (
				53C0410020F60343005FAB25 /* LaunchScreen.storyboard in Resources */,
				53C040FD20F60343005FAB25 /* Assets.xcassets in Resources */,
				53C0412A20F88D3E005FAB25 /* MyCollectionViewCell.xib in Resources */,
				53C040FB20F60342005FAB25 /* Main.storyboard in Resources */,
			);
			runOnlyForDeploymentPostprocessing = 0;
		};
/* End PBXResourcesBuildPhase section */

/* Begin PBXSourcesBuildPhase section */
		53C040EC20F60342005FAB25 /* Sources */ = {
			isa = PBXSourcesBuildPhase;
			buildActionMask = 2147483647;
			files = (
				53C040F820F60342005FAB25 /* ViewController.m in Sources */,
				532FF9622103297E00CC3A80 /* EmptyFooterViewController.m in Sources */,
				532FF95F2101A78800CC3A80 /* SideRefreshEmptyFooter.m in Sources */,
				53C0412520F88D13005FAB25 /* CustomViewController.m in Sources */,
				53C0410F20F6041F005FAB25 /* SideRefreshFooter.m in Sources */,
				53C0410320F60343005FAB25 /* main.m in Sources */,
				53C0412920F88D3E005FAB25 /* MyCollectionViewCell.m in Sources */,
				53C0411520F6065B005FAB25 /* SideRefresh.m in Sources */,
				53C0411220F60435005FAB25 /* UICollectionView+SideRefresh.m in Sources */,
				53C040F520F60342005FAB25 /* AppDelegate.m in Sources */,
				53C0412220F88B52005FAB25 /* DefaultViewController.m in Sources */,
				53C0410C20F60410005FAB25 /* SideRefreshHeader.m in Sources */,
				534195602148F7D1005EF096 /* UICollectionView+SideExtension.m in Sources */,
				53C0412D20F88E05005FAB25 /* HideItemViewController.m in Sources */,
			);
			runOnlyForDeploymentPostprocessing = 0;
		};
/* End PBXSourcesBuildPhase section */

/* Begin PBXVariantGroup section */
		53C040F920F60342005FAB25 /* Main.storyboard */ = {
			isa = PBXVariantGroup;
			children = (
				53C040FA20F60342005FAB25 /* Base */,
			);
			name = Main.storyboard;
			sourceTree = "<group>";
		};
		53C040FE20F60343005FAB25 /* LaunchScreen.storyboard */ = {
			isa = PBXVariantGroup;
			children = (
				53C040FF20F60343005FAB25 /* Base */,
			);
			name = LaunchScreen.storyboard;
			sourceTree = "<group>";
		};
/* End PBXVariantGroup section */

/* Begin XCBuildConfiguration section */
		53C0410420F60343005FAB25 /* Debug */ = {
			isa = XCBuildConfiguration;
			buildSettings = {
				ALWAYS_SEARCH_USER_PATHS = NO;
				CLANG_ANALYZER_NONNULL = YES;
				CLANG_ANALYZER_NUMBER_OBJECT_CONVERSION = YES_AGGRESSIVE;
				CLANG_CXX_LANGUAGE_STANDARD = "gnu++14";
				CLANG_CXX_LIBRARY = "libc++";
				CLANG_ENABLE_MODULES = YES;
				CLANG_ENABLE_OBJC_ARC = YES;
				CLANG_ENABLE_OBJC_WEAK = YES;
				CLANG_WARN_BLOCK_CAPTURE_AUTORELEASING = YES;
				CLANG_WARN_BOOL_CONVERSION = YES;
				CLANG_WARN_COMMA = YES;
				CLANG_WARN_CONSTANT_CONVERSION = YES;
				CLANG_WARN_DEPRECATED_OBJC_IMPLEMENTATIONS = YES;
				CLANG_WARN_DIRECT_OBJC_ISA_USAGE = YES_ERROR;
				CLANG_WARN_DOCUMENTATION_COMMENTS = YES;
				CLANG_WARN_EMPTY_BODY = YES;
				CLANG_WARN_ENUM_CONVERSION = YES;
				CLANG_WARN_INFINITE_RECURSION = YES;
				CLANG_WARN_INT_CONVERSION = YES;
				CLANG_WARN_NON_LITERAL_NULL_CONVERSION = YES;
				CLANG_WARN_OBJC_IMPLICIT_RETAIN_SELF = YES;
				CLANG_WARN_OBJC_LITERAL_CONVERSION = YES;
				CLANG_WARN_OBJC_ROOT_CLASS = YES_ERROR;
				CLANG_WARN_RANGE_LOOP_ANALYSIS = YES;
				CLANG_WARN_STRICT_PROTOTYPES = YES;
				CLANG_WARN_SUSPICIOUS_MOVE = YES;
				CLANG_WARN_UNGUARDED_AVAILABILITY = YES_AGGRESSIVE;
				CLANG_WARN_UNREACHABLE_CODE = YES;
				CLANG_WARN__DUPLICATE_METHOD_MATCH = YES;
				CODE_SIGN_IDENTITY = "iPhone Developer";
				COPY_PHASE_STRIP = NO;
				DEBUG_INFORMATION_FORMAT = dwarf;
				ENABLE_STRICT_OBJC_MSGSEND = YES;
				ENABLE_TESTABILITY = YES;
				GCC_C_LANGUAGE_STANDARD = gnu11;
				GCC_DYNAMIC_NO_PIC = NO;
				GCC_NO_COMMON_BLOCKS = YES;
				GCC_OPTIMIZATION_LEVEL = 0;
				GCC_PREPROCESSOR_DEFINITIONS = (
					"DEBUG=1",
					"$(inherited)",
				);
				GCC_WARN_64_TO_32_BIT_CONVERSION = YES;
				GCC_WARN_ABOUT_RETURN_TYPE = YES_ERROR;
				GCC_WARN_UNDECLARED_SELECTOR = YES;
				GCC_WARN_UNINITIALIZED_AUTOS = YES_AGGRESSIVE;
				GCC_WARN_UNUSED_FUNCTION = YES;
				GCC_WARN_UNUSED_VARIABLE = YES;
				IPHONEOS_DEPLOYMENT_TARGET = 11.3;
				MTL_ENABLE_DEBUG_INFO = YES;
				ONLY_ACTIVE_ARCH = YES;
				SDKROOT = iphoneos;
			};
			name = Debug;
		};
		53C0410520F60343005FAB25 /* Release */ = {
			isa = XCBuildConfiguration;
			buildSettings = {
				ALWAYS_SEARCH_USER_PATHS = NO;
				CLANG_ANALYZER_NONNULL = YES;
				CLANG_ANALYZER_NUMBER_OBJECT_CONVERSION = YES_AGGRESSIVE;
				CLANG_CXX_LANGUAGE_STANDARD = "gnu++14";
				CLANG_CXX_LIBRARY = "libc++";
				CLANG_ENABLE_MODULES = YES;
				CLANG_ENABLE_OBJC_ARC = YES;
				CLANG_ENABLE_OBJC_WEAK = YES;
				CLANG_WARN_BLOCK_CAPTURE_AUTORELEASING = YES;
				CLANG_WARN_BOOL_CONVERSION = YES;
				CLANG_WARN_COMMA = YES;
				CLANG_WARN_CONSTANT_CONVERSION = YES;
				CLANG_WARN_DEPRECATED_OBJC_IMPLEMENTATIONS = YES;
				CLANG_WARN_DIRECT_OBJC_ISA_USAGE = YES_ERROR;
				CLANG_WARN_DOCUMENTATION_COMMENTS = YES;
				CLANG_WARN_EMPTY_BODY = YES;
				CLANG_WARN_ENUM_CONVERSION = YES;
				CLANG_WARN_INFINITE_RECURSION = YES;
				CLANG_WARN_INT_CONVERSION = YES;
				CLANG_WARN_NON_LITERAL_NULL_CONVERSION = YES;
				CLANG_WARN_OBJC_IMPLICIT_RETAIN_SELF = YES;
				CLANG_WARN_OBJC_LITERAL_CONVERSION = YES;
				CLANG_WARN_OBJC_ROOT_CLASS = YES_ERROR;
				CLANG_WARN_RANGE_LOOP_ANALYSIS = YES;
				CLANG_WARN_STRICT_PROTOTYPES = YES;
				CLANG_WARN_SUSPICIOUS_MOVE = YES;
				CLANG_WARN_UNGUARDED_AVAILABILITY = YES_AGGRESSIVE;
				CLANG_WARN_UNREACHABLE_CODE = YES;
				CLANG_WARN__DUPLICATE_METHOD_MATCH = YES;
				CODE_SIGN_IDENTITY = "iPhone Developer";
				COPY_PHASE_STRIP = NO;
				DEBUG_INFORMATION_FORMAT = "dwarf-with-dsym";
				ENABLE_NS_ASSERTIONS = NO;
				ENABLE_STRICT_OBJC_MSGSEND = YES;
				GCC_C_LANGUAGE_STANDARD = gnu11;
				GCC_NO_COMMON_BLOCKS = YES;
				GCC_WARN_64_TO_32_BIT_CONVERSION = YES;
				GCC_WARN_ABOUT_RETURN_TYPE = YES_ERROR;
				GCC_WARN_UNDECLARED_SELECTOR = YES;
				GCC_WARN_UNINITIALIZED_AUTOS = YES_AGGRESSIVE;
				GCC_WARN_UNUSED_FUNCTION = YES;
				GCC_WARN_UNUSED_VARIABLE = YES;
				IPHONEOS_DEPLOYMENT_TARGET = 11.3;
				MTL_ENABLE_DEBUG_INFO = NO;
				SDKROOT = iphoneos;
				VALIDATE_PRODUCT = YES;
			};
			name = Release;
		};
		53C0410720F60343005FAB25 /* Debug */ = {
			isa = XCBuildConfiguration;
			buildSettings = {
				ASSETCATALOG_COMPILER_APPICON_NAME = AppIcon;
				CODE_SIGN_STYLE = Automatic;
				DEVELOPMENT_TEAM = DTCHC66PTA;
				INFOPLIST_FILE = CollectionViewSideRefresh/Info.plist;
				IPHONEOS_DEPLOYMENT_TARGET = 9.0;
				LD_RUNPATH_SEARCH_PATHS = (
					"$(inherited)",
					"@executable_path/Frameworks",
				);
				PRODUCT_BUNDLE_IDENTIFIER = com.DandJ.CollectionViewSideRefresh;
				PRODUCT_NAME = "$(TARGET_NAME)";
				TARGETED_DEVICE_FAMILY = "1,2";
			};
			name = Debug;
		};
		53C0410820F60343005FAB25 /* Release */ = {
			isa = XCBuildConfiguration;
			buildSettings = {
				ASSETCATALOG_COMPILER_APPICON_NAME = AppIcon;
				CODE_SIGN_STYLE = Automatic;
				DEVELOPMENT_TEAM = DTCHC66PTA;
				INFOPLIST_FILE = CollectionViewSideRefresh/Info.plist;
				IPHONEOS_DEPLOYMENT_TARGET = 9.0;
				LD_RUNPATH_SEARCH_PATHS = (
					"$(inherited)",
					"@executable_path/Frameworks",
				);
				PRODUCT_BUNDLE_IDENTIFIER = com.DandJ.CollectionViewSideRefresh;
				PRODUCT_NAME = "$(TARGET_NAME)";
				TARGETED_DEVICE_FAMILY = "1,2";
			};
			name = Release;
		};
/* End XCBuildConfiguration section */

/* Begin XCConfigurationList section */
		53C040EB20F60342005FAB25 /* Build configuration list for PBXProject "CollectionViewSideRefresh" */ = {
			isa = XCConfigurationList;
			buildConfigurations = (
				53C0410420F60343005FAB25 /* Debug */,
				53C0410520F60343005FAB25 /* Release */,
			);
			defaultConfigurationIsVisible = 0;
			defaultConfigurationName = Release;
		};
		53C0410620F60343005FAB25 /* Build configuration list for PBXNativeTarget "CollectionViewSideRefresh" */ = {
			isa = XCConfigurationList;
			buildConfigurations = (
				53C0410720F60343005FAB25 /* Debug */,
				53C0410820F60343005FAB25 /* Release */,
			);
			defaultConfigurationIsVisible = 0;
			defaultConfigurationName = Release;
		};
/* End XCConfigurationList section */
	};
	rootObject = 53C040E820F60342005FAB25 /* Project object */;
}
